
Microsoft Visual Studio Solution File, Format Version 12.00
# Visual Studio 15
VisualStudioVersion = 15.0.28307.421
MinimumVisualStudioVersion = 10.0.40219.1
Project("{FAE04EC0-301F-11D3-BF4B-00C04F79EFBC}") = "EoS", "EoS\EoS.csproj", "{AC4C4AD6-14AD-44D7-A5C9-7BB0BB65E46D}"
EndProject
Global
	GlobalSection(SolutionConfigurationPlatforms) = preSolution
		Debug|Any CPU = Debug|Any CPU
		Release|Any CPU = Release|Any CPU
	EndGlobalSection
	GlobalSection(ProjectConfigurationPlatforms) = postSolution
		{AC4C4AD6-14AD-44D7-A5C9-7BB0BB65E46D}.Debug|Any CPU.ActiveCfg = Debug|Any CPU
		{AC4C4AD6-14AD-44D7-A5C9-7BB0BB65E46D}.Debug|Any CPU.Build.0 = Debug|Any CPU
		{AC4C4AD6-14AD-44D7-A5C9-7BB0BB65E46D}.Release|Any CPU.ActiveCfg = Release|Any CPU
		{AC4C4AD6-14AD-44D7-A5C9-7BB0BB65E46D}.Release|Any CPU.Build.0 = Release|Any CPU
	EndGlobalSection
	GlobalSection(SolutionProperties) = preSolution
		HideSolutionNode = FALSE
	EndGlobalSection
	GlobalSection(ExtensibilityGlobals) = postSolution
		SolutionGuid = {BEFBC729-43FB-4327-A56A-60647EBF2BF6}
	EndGlobalSection
EndGlobal
